// !$*UTF8*$!
{
	archiveVersion = 1;
	classes = {
	};
	objectVersion = 77;
	objects = {

/* Begin PBXBuildFile section */
		7F48D2152EBF2E6A00718D35 /* LoginScreen.swift in Sources */ = {isa = PBXBuildFile; fileRef = 7F48D2112EBF2E6A00718D35 /* LoginScreen.swift */; };
		7F48D2162EBF2E6A00718D35 /* InterbankCloneApp.swift in Sources */ = {isa = PBXBuildFile; fileRef = 7F48D2122EBF2E6A00718D35 /* InterbankCloneApp.swift */; };
		7F48D2182EBF2E6A00718D35 /* Assets.xcassets in Resources */ = {isa = PBXBuildFile; fileRef = 7F48D2102EBF2E6A00718D35 /* Assets.xcassets */; };
		7F6778BF2EBF30BB00FF8228 /* CoordinatorProtocol.swift in Sources */ = {isa = PBXBuildFile; fileRef = 7F6778BE2EBF30BB00FF8228 /* CoordinatorProtocol.swift */; };
		7F6778C42EBF361800FF8228 /* Color.swift in Sources */ = {isa = PBXBuildFile; fileRef = 7F6778C32EBF361800FF8228 /* Color.swift */; };
		7F6778C62EBF39E800FF8228 /* Header.swift in Sources */ = {isa = PBXBuildFile; fileRef = 7F6778C52EBF39E800FF8228 /* Header.swift */; };
		7F6778C82EBF3D5A00FF8228 /* ActionButton.swift in Sources */ = {isa = PBXBuildFile; fileRef = 7F6778C72EBF3D5A00FF8228 /* ActionButton.swift */; };
		7F6778CA2EBF40C900FF8228 /* View.swift in Sources */ = {isa = PBXBuildFile; fileRef = 7F6778C92EBF40C900FF8228 /* View.swift */; };
		7F6778CD2EBF451800FF8228 /* LoginScreen.png in Resources */ = {isa = PBXBuildFile; fileRef = 7F6778CC2EBF451800FF8228 /* LoginScreen.png */; };
		7F6778D52EBF467C00FF8228 /* MoreOptionsScreen.swift in Sources */ = {isa = PBXBuildFile; fileRef = 7F6778D42EBF467C00FF8228 /* MoreOptionsScreen.swift */; };
		7F6778D72EBF48A400FF8228 /* AuthCoordinator.swift in Sources */ = {isa = PBXBuildFile; fileRef = 7F6778D62EBF48A400FF8228 /* AuthCoordinator.swift */; };
		7F6778DA2EBF48F300FF8228 /* AuthenticationRoute.swift in Sources */ = {isa = PBXBuildFile; fileRef = 7F6778D92EBF48F300FF8228 /* AuthenticationRoute.swift */; };
		7F6778E22EBF51BB00FF8228 /* MoreOptionsScreen.png in Resources */ = {isa = PBXBuildFile; fileRef = 7F6778E12EBF51BB00FF8228 /* MoreOptionsScreen.png */; };
/* End PBXBuildFile section */

/* Begin PBXContainerItemProxy section */
		7F48D1F42EBF2E5900718D35 /* PBXContainerItemProxy */ = {
			isa = PBXContainerItemProxy;
			containerPortal = 7F48D1DC2EBF2E5700718D35 /* Project object */;
			proxyType = 1;
			remoteGlobalIDString = 7F48D1E32EBF2E5700718D35;
			remoteInfo = InterbankClone;
		};
		7F48D1FE2EBF2E5900718D35 /* PBXContainerItemProxy */ = {
			isa = PBXContainerItemProxy;
			containerPortal = 7F48D1DC2EBF2E5700718D35 /* Project object */;
			proxyType = 1;
			remoteGlobalIDString = 7F48D1E32EBF2E5700718D35;
			remoteInfo = InterbankClone;
		};
/* End PBXContainerItemProxy section */

/* Begin PBXFileReference section */
		7F48D1E42EBF2E5700718D35 /* InterbankClone.app */ = {isa = PBXFileReference; explicitFileType = wrapper.application; includeInIndex = 0; path = InterbankClone.app; sourceTree = BUILT_PRODUCTS_DIR; };
		7F48D1F32EBF2E5900718D35 /* InterbankCloneTests.xctest */ = {isa = PBXFileReference; explicitFileType = wrapper.cfbundle; includeInIndex = 0; path = InterbankCloneTests.xctest; sourceTree = BUILT_PRODUCTS_DIR; };
		7F48D1FD2EBF2E5900718D35 /* InterbankCloneUITests.xctest */ = {isa = PBXFileReference; explicitFileType = wrapper.cfbundle; includeInIndex = 0; path = InterbankCloneUITests.xctest; sourceTree = BUILT_PRODUCTS_DIR; };
		7F48D2102EBF2E6A00718D35 /* Assets.xcassets */ = {isa = PBXFileReference; lastKnownFileType = folder.assetcatalog; path = Assets.xcassets; sourceTree = "<group>"; };
		7F48D2112EBF2E6A00718D35 /* LoginScreen.swift */ = {isa = PBXFileReference; lastKnownFileType = sourcecode.swift; path = LoginScreen.swift; sourceTree = "<group>"; };
		7F48D2122EBF2E6A00718D35 /* InterbankCloneApp.swift */ = {isa = PBXFileReference; lastKnownFileType = sourcecode.swift; path = InterbankCloneApp.swift; sourceTree = "<group>"; };
		7F6778BE2EBF30BB00FF8228 /* CoordinatorProtocol.swift */ = {isa = PBXFileReference; lastKnownFileType = sourcecode.swift; path = CoordinatorProtocol.swift; sourceTree = "<group>"; };
		7F6778C32EBF361800FF8228 /* Color.swift */ = {isa = PBXFileReference; lastKnownFileType = sourcecode.swift; path = Color.swift; sourceTree = "<group>"; };
		7F6778C52EBF39E800FF8228 /* Header.swift */ = {isa = PBXFileReference; lastKnownFileType = sourcecode.swift; path = Header.swift; sourceTree = "<group>"; };
		7F6778C72EBF3D5A00FF8228 /* ActionButton.swift */ = {isa = PBXFileReference; lastKnownFileType = sourcecode.swift; path = ActionButton.swift; sourceTree = "<group>"; };
		7F6778C92EBF40C900FF8228 /* View.swift */ = {isa = PBXFileReference; lastKnownFileType = sourcecode.swift; path = View.swift; sourceTree = "<group>"; };
		7F6778CC2EBF451800FF8228 /* LoginScreen.png */ = {isa = PBXFileReference; lastKnownFileType = image.png; path = LoginScreen.png; sourceTree = "<group>"; };
		7F6778D42EBF467C00FF8228 /* MoreOptionsScreen.swift */ = {isa = PBXFileReference; lastKnownFileType = sourcecode.swift; path = MoreOptionsScreen.swift; sourceTree = "<group>"; };
		7F6778D62EBF48A400FF8228 /* AuthCoordinator.swift */ = {isa = PBXFileReference; lastKnownFileType = sourcecode.swift; path = AuthCoordinator.swift; sourceTree = "<group>"; };
		7F6778D92EBF48F300FF8228 /* AuthenticationRoute.swift */ = {isa = PBXFileReference; lastKnownFileType = sourcecode.swift; path = AuthenticationRoute.swift; sourceTree = "<group>"; };
		7F6778E12EBF51BB00FF8228 /* MoreOptionsScreen.png */ = {isa = PBXFileReference; lastKnownFileType = image.png; path = MoreOptionsScreen.png; sourceTree = "<group>"; };
/* End PBXFileReference section */

/* Begin PBXFileSystemSynchronizedRootGroup section */
		7F48D1F62EBF2E5900718D35 /* InterbankCloneTests */ = {
			isa = PBXFileSystemSynchronizedRootGroup;
			path = InterbankCloneTests;
			sourceTree = "<group>";
		};
		7F48D2002EBF2E5900718D35 /* InterbankCloneUITests */ = {
			isa = PBXFileSystemSynchronizedRootGroup;
			path = InterbankCloneUITests;
			sourceTree = "<group>";
		};
/* End PBXFileSystemSynchronizedRootGroup section */

/* Begin PBXFrameworksBuildPhase section */
		7F48D1E12EBF2E5700718D35 /* Frameworks */ = {
			isa = PBXFrameworksBuildPhase;
			buildActionMask = 2147483647;
			files = (
			);
			runOnlyForDeploymentPostprocessing = 0;
		};
		7F48D1F02EBF2E5900718D35 /* Frameworks */ = {
			isa = PBXFrameworksBuildPhase;
			buildActionMask = 2147483647;
			files = (
			);
			runOnlyForDeploymentPostprocessing = 0;
		};
		7F48D1FA2EBF2E5900718D35 /* Frameworks */ = {
			isa = PBXFrameworksBuildPhase;
			buildActionMask = 2147483647;
			files = (
			);
			runOnlyForDeploymentPostprocessing = 0;
		};
/* End PBXFrameworksBuildPhase section */

/* Begin PBXGroup section */
		7F48D1DB2EBF2E5700718D35 = {
			isa = PBXGroup;
			children = (
				7F48D2142EBF2E6A00718D35 /* InterbankClone */,
				7F48D1F62EBF2E5900718D35 /* InterbankCloneTests */,
				7F48D2002EBF2E5900718D35 /* InterbankCloneUITests */,
				7F48D1E52EBF2E5700718D35 /* Products */,
			);
			sourceTree = "<group>";
		};
		7F48D1E52EBF2E5700718D35 /* Products */ = {
			isa = PBXGroup;
			children = (
				7F48D1E42EBF2E5700718D35 /* InterbankClone.app */,
				7F48D1F32EBF2E5900718D35 /* InterbankCloneTests.xctest */,
				7F48D1FD2EBF2E5900718D35 /* InterbankCloneUITests.xctest */,
			);
			name = Products;
			sourceTree = "<group>";
		};
		7F48D2142EBF2E6A00718D35 /* InterbankClone */ = {
			isa = PBXGroup;
			children = (
				7F6778CB2EBF44CB00FF8228 /* Screenshots */,
				7F6778BD2EBF30AC00FF8228 /* Coordinator */,
				7F6778C22EBF360700FF8228 /* Utils */,
				7F6778C02EBF33F000FF8228 /* Screens */,
				7F48D2102EBF2E6A00718D35 /* Assets.xcassets */,
				7F48D2122EBF2E6A00718D35 /* InterbankCloneApp.swift */,
			);
			path = InterbankClone;
			sourceTree = "<group>";
		};
		7F6778BD2EBF30AC00FF8228 /* Coordinator */ = {
			isa = PBXGroup;
			children = (
				7F6778D82EBF48E900FF8228 /* Routes */,
				7F6778BE2EBF30BB00FF8228 /* CoordinatorProtocol.swift */,
				7F6778D62EBF48A400FF8228 /* AuthCoordinator.swift */,
			);
			path = Coordinator;
			sourceTree = "<group>";
		};
		7F6778C02EBF33F000FF8228 /* Screens */ = {
			isa = PBXGroup;
			children = (
				7F6778C12EBF341800FF8228 /* Shared */,
				7F48D2112EBF2E6A00718D35 /* LoginScreen.swift */,
				7F6778D42EBF467C00FF8228 /* MoreOptionsScreen.swift */,
			);
			path = Screens;
			sourceTree = "<group>";
		};
		7F6778C12EBF341800FF8228 /* Shared */ = {
			isa = PBXGroup;
			children = (
				7F6778C52EBF39E800FF8228 /* Header.swift */,
				7F6778C72EBF3D5A00FF8228 /* ActionButton.swift */,
			);
			path = Shared;
			sourceTree = "<group>";
		};
		7F6778C22EBF360700FF8228 /* Utils */ = {
			isa = PBXGroup;
			children = (
				7F6778C32EBF361800FF8228 /* Color.swift */,
				7F6778C92EBF40C900FF8228 /* View.swift */,
			);
			path = Utils;
			sourceTree = "<group>";
		};
		7F6778CB2EBF44CB00FF8228 /* Screenshots */ = {
			isa = PBXGroup;
			children = (
				7F6778CC2EBF451800FF8228 /* LoginScreen.png */,
				7F6778E12EBF51BB00FF8228 /* MoreOptionsScreen.png */,
			);
			path = Screenshots;
			sourceTree = "<group>";
		};
		7F6778D82EBF48E900FF8228 /* Routes */ = {
			isa = PBXGroup;
			children = (
				7F6778D92EBF48F300FF8228 /* AuthenticationRoute.swift */,
			);
			path = Routes;
			sourceTree = "<group>";
		};
/* End PBXGroup section */

/* Begin PBXNativeTarget section */
		7F48D1E32EBF2E5700718D35 /* InterbankClone */ = {
			isa = PBXNativeTarget;
			buildConfigurationList = 7F48D2072EBF2E5900718D35 /* Build configuration list for PBXNativeTarget "InterbankClone" */;
			buildPhases = (
				7F48D1E02EBF2E5700718D35 /* Sources */,
				7F48D1E12EBF2E5700718D35 /* Frameworks */,
				7F48D1E22EBF2E5700718D35 /* Resources */,
			);
			buildRules = (
			);
			dependencies = (
			);
			name = InterbankClone;
			packageProductDependencies = (
			);
			productName = InterbankClone;
			productReference = 7F48D1E42EBF2E5700718D35 /* InterbankClone.app */;
			productType = "com.apple.product-type.application";
		};
		7F48D1F22EBF2E5900718D35 /* InterbankCloneTests */ = {
			isa = PBXNativeTarget;
			buildConfigurationList = 7F48D20A2EBF2E5900718D35 /* Build configuration list for PBXNativeTarget "InterbankCloneTests" */;
			buildPhases = (
				7F48D1EF2EBF2E5900718D35 /* Sources */,
				7F48D1F02EBF2E5900718D35 /* Frameworks */,
				7F48D1F12EBF2E5900718D35 /* Resources */,
			);
			buildRules = (
			);
			dependencies = (
				7F48D1F52EBF2E5900718D35 /* PBXTargetDependency */,
			);
			fileSystemSynchronizedGroups = (
				7F48D1F62EBF2E5900718D35 /* InterbankCloneTests */,
			);
			name = InterbankCloneTests;
			packageProductDependencies = (
			);
			productName = InterbankCloneTests;
			productReference = 7F48D1F32EBF2E5900718D35 /* InterbankCloneTests.xctest */;
			productType = "com.apple.product-type.bundle.unit-test";
		};
		7F48D1FC2EBF2E5900718D35 /* InterbankCloneUITests */ = {
			isa = PBXNativeTarget;
			buildConfigurationList = 7F48D20D2EBF2E5900718D35 /* Build configuration list for PBXNativeTarget "InterbankCloneUITests" */;
			buildPhases = (
				7F48D1F92EBF2E5900718D35 /* Sources */,
				7F48D1FA2EBF2E5900718D35 /* Frameworks */,
				7F48D1FB2EBF2E5900718D35 /* Resources */,
			);
			buildRules = (
			);
			dependencies = (
				7F48D1FF2EBF2E5900718D35 /* PBXTargetDependency */,
			);
			fileSystemSynchronizedGroups = (
				7F48D2002EBF2E5900718D35 /* InterbankCloneUITests */,
			);
			name = InterbankCloneUITests;
			packageProductDependencies = (
			);
			productName = InterbankCloneUITests;
			productReference = 7F48D1FD2EBF2E5900718D35 /* InterbankCloneUITests.xctest */;
			productType = "com.apple.product-type.bundle.ui-testing";
		};
/* End PBXNativeTarget section */

/* Begin PBXProject section */
		7F48D1DC2EBF2E5700718D35 /* Project object */ = {
			isa = PBXProject;
			attributes = {
				BuildIndependentTargetsInParallel = 1;
				LastSwiftUpdateCheck = 2600;
				LastUpgradeCheck = 2600;
				TargetAttributes = {
					7F48D1E32EBF2E5700718D35 = {
						CreatedOnToolsVersion = 26.0.1;
					};
					7F48D1F22EBF2E5900718D35 = {
						CreatedOnToolsVersion = 26.0.1;
						TestTargetID = 7F48D1E32EBF2E5700718D35;
					};
					7F48D1FC2EBF2E5900718D35 = {
						CreatedOnToolsVersion = 26.0.1;
						TestTargetID = 7F48D1E32EBF2E5700718D35;
					};
				};
			};
			buildConfigurationList = 7F48D1DF2EBF2E5700718D35 /* Build configuration list for PBXProject "InterbankClone" */;
			developmentRegion = en;
			hasScannedForEncodings = 0;
			knownRegions = (
				en,
				Base,
			);
			mainGroup = 7F48D1DB2EBF2E5700718D35;
			minimizedProjectReferenceProxies = 1;
			preferredProjectObjectVersion = 77;
			productRefGroup = 7F48D1E52EBF2E5700718D35 /* Products */;
			projectDirPath = "";
			projectRoot = "";
			targets = (
				7F48D1E32EBF2E5700718D35 /* InterbankClone */,
				7F48D1F22EBF2E5900718D35 /* InterbankCloneTests */,
				7F48D1FC2EBF2E5900718D35 /* InterbankCloneUITests */,
			);
		};
/* End PBXProject section */

/* Begin PBXResourcesBuildPhase section */
		7F48D1E22EBF2E5700718D35 /* Resources */ = {
			isa = PBXResourcesBuildPhase;
			buildActionMask = 2147483647;
			files = (
				7F48D2182EBF2E6A00718D35 /* Assets.xcassets in Resources */,
				7F6778E22EBF51BB00FF8228 /* MoreOptionsScreen.png in Resources */,
				7F6778CD2EBF451800FF8228 /* LoginScreen.png in Resources */,
			);
			runOnlyForDeploymentPostprocessing = 0;
		};
		7F48D1F12EBF2E5900718D35 /* Resources */ = {
			isa = PBXResourcesBuildPhase;
			buildActionMask = 2147483647;
			files = (
			);
			runOnlyForDeploymentPostprocessing = 0;
		};
		7F48D1FB2EBF2E5900718D35 /* Resources */ = {
			isa = PBXResourcesBuildPhase;
			buildActionMask = 2147483647;
			files = (
			);
			runOnlyForDeploymentPostprocessing = 0;
		};
/* End PBXResourcesBuildPhase section */

/* Begin PBXSourcesBuildPhase section */
		7F48D1E02EBF2E5700718D35 /* Sources */ = {
			isa = PBXSourcesBuildPhase;
			buildActionMask = 2147483647;
			files = (
				7F48D2152EBF2E6A00718D35 /* LoginScreen.swift in Sources */,
				7F6778C62EBF39E800FF8228 /* Header.swift in Sources */,
				7F6778D52EBF467C00FF8228 /* MoreOptionsScreen.swift in Sources */,
				7F6778DA2EBF48F300FF8228 /* AuthenticationRoute.swift in Sources */,
				7F6778C42EBF361800FF8228 /* Color.swift in Sources */,
				7F48D2162EBF2E6A00718D35 /* InterbankCloneApp.swift in Sources */,
				7F6778BF2EBF30BB00FF8228 /* CoordinatorProtocol.swift in Sources */,
				7F6778CA2EBF40C900FF8228 /* View.swift in Sources */,
				7F6778D72EBF48A400FF8228 /* AuthCoordinator.swift in Sources */,
				7F6778C82EBF3D5A00FF8228 /* ActionButton.swift in Sources */,
			);
			runOnlyForDeploymentPostprocessing = 0;
		};
		7F48D1EF2EBF2E5900718D35 /* Sources */ = {
			isa = PBXSourcesBuildPhase;
			buildActionMask = 2147483647;
			files = (
			);
			runOnlyForDeploymentPostprocessing = 0;
		};
		7F48D1F92EBF2E5900718D35 /* Sources */ = {
			isa = PBXSourcesBuildPhase;
			buildActionMask = 2147483647;
			files = (
			);
			runOnlyForDeploymentPostprocessing = 0;
		};
/* End PBXSourcesBuildPhase section */

/* Begin PBXTargetDependency section */
		7F48D1F52EBF2E5900718D35 /* PBXTargetDependency */ = {
			isa = PBXTargetDependency;
			target = 7F48D1E32EBF2E5700718D35 /* InterbankClone */;
			targetProxy = 7F48D1F42EBF2E5900718D35 /* PBXContainerItemProxy */;
		};
		7F48D1FF2EBF2E5900718D35 /* PBXTargetDependency */ = {
			isa = PBXTargetDependency;
			target = 7F48D1E32EBF2E5700718D35 /* InterbankClone */;
			targetProxy = 7F48D1FE2EBF2E5900718D35 /* PBXContainerItemProxy */;
		};
/* End PBXTargetDependency section */

/* Begin XCBuildConfiguration section */
		7F48D2052EBF2E5900718D35 /* Debug */ = {
			isa = XCBuildConfiguration;
			buildSettings = {
				ALWAYS_SEARCH_USER_PATHS = NO;
				ASSETCATALOG_COMPILER_GENERATE_SWIFT_ASSET_SYMBOL_EXTENSIONS = YES;
				CLANG_ANALYZER_NONNULL = YES;
				CLANG_ANALYZER_NUMBER_OBJECT_CONVERSION = YES_AGGRESSIVE;
				CLANG_CXX_LANGUAGE_STANDARD = "gnu++20";
				CLANG_ENABLE_MODULES = YES;
				CLANG_ENABLE_OBJC_ARC = YES;
				CLANG_ENABLE_OBJC_WEAK = YES;
				CLANG_WARN_BLOCK_CAPTURE_AUTORELEASING = YES;
				CLANG_WARN_BOOL_CONVERSION = YES;
				CLANG_WARN_COMMA = YES;
				CLANG_WARN_CONSTANT_CONVERSION = YES;
				CLANG_WARN_DEPRECATED_OBJC_IMPLEMENTATIONS = YES;
				CLANG_WARN_DIRECT_OBJC_ISA_USAGE = YES_ERROR;
				CLANG_WARN_DOCUMENTATION_COMMENTS = YES;
				CLANG_WARN_EMPTY_BODY = YES;
				CLANG_WARN_ENUM_CONVERSION = YES;
				CLANG_WARN_INFINITE_RECURSION = YES;
				CLANG_WARN_INT_CONVERSION = YES;
				CLANG_WARN_NON_LITERAL_NULL_CONVERSION = YES;
				CLANG_WARN_OBJC_IMPLICIT_RETAIN_SELF = YES;
				CLANG_WARN_OBJC_LITERAL_CONVERSION = YES;
				CLANG_WARN_OBJC_ROOT_CLASS = YES_ERROR;
				CLANG_WARN_QUOTED_INCLUDE_IN_FRAMEWORK_HEADER = YES;
				CLANG_WARN_RANGE_LOOP_ANALYSIS = YES;
				CLANG_WARN_STRICT_PROTOTYPES = YES;
				CLANG_WARN_SUSPICIOUS_MOVE = YES;
				CLANG_WARN_UNGUARDED_AVAILABILITY = YES_AGGRESSIVE;
				CLANG_WARN_UNREACHABLE_CODE = YES;
				CLANG_WARN__DUPLICATE_METHOD_MATCH = YES;
				COPY_PHASE_STRIP = NO;
				DEBUG_INFORMATION_FORMAT = dwarf;
				DEVELOPMENT_TEAM = U72P8JQMB8;
				ENABLE_STRICT_OBJC_MSGSEND = YES;
				ENABLE_TESTABILITY = YES;
				ENABLE_USER_SCRIPT_SANDBOXING = YES;
				GCC_C_LANGUAGE_STANDARD = gnu17;
				GCC_DYNAMIC_NO_PIC = NO;
				GCC_NO_COMMON_BLOCKS = YES;
				GCC_OPTIMIZATION_LEVEL = 0;
				GCC_PREPROCESSOR_DEFINITIONS = (
					"DEBUG=1",
					"$(inherited)",
				);
				GCC_WARN_64_TO_32_BIT_CONVERSION = YES;
				GCC_WARN_ABOUT_RETURN_TYPE = YES_ERROR;
				GCC_WARN_UNDECLARED_SELECTOR = YES;
				GCC_WARN_UNINITIALIZED_AUTOS = YES_AGGRESSIVE;
				GCC_WARN_UNUSED_FUNCTION = YES;
				GCC_WARN_UNUSED_VARIABLE = YES;
				IPHONEOS_DEPLOYMENT_TARGET = 26.0;
				LOCALIZATION_PREFERS_STRING_CATALOGS = YES;
				MTL_ENABLE_DEBUG_INFO = INCLUDE_SOURCE;
				MTL_FAST_MATH = YES;
				ONLY_ACTIVE_ARCH = YES;
				SDKROOT = iphoneos;
				SWIFT_ACTIVE_COMPILATION_CONDITIONS = "DEBUG $(inherited)";
				SWIFT_OPTIMIZATION_LEVEL = "-Onone";
			};
			name = Debug;
		};
		7F48D2062EBF2E5900718D35 /* Release */ = {
			isa = XCBuildConfiguration;
			buildSettings = {
				ALWAYS_SEARCH_USER_PATHS = NO;
				ASSETCATALOG_COMPILER_GENERATE_SWIFT_ASSET_SYMBOL_EXTENSIONS = YES;
				CLANG_ANALYZER_NONNULL = YES;
				CLANG_ANALYZER_NUMBER_OBJECT_CONVERSION = YES_AGGRESSIVE;
				CLANG_CXX_LANGUAGE_STANDARD = "gnu++20";
				CLANG_ENABLE_MODULES = YES;
				CLANG_ENABLE_OBJC_ARC = YES;
				CLANG_ENABLE_OBJC_WEAK = YES;
				CLANG_WARN_BLOCK_CAPTURE_AUTORELEASING = YES;
				CLANG_WARN_BOOL_CONVERSION = YES;
				CLANG_WARN_COMMA = YES;
				CLANG_WARN_CONSTANT_CONVERSION = YES;
				CLANG_WARN_DEPRECATED_OBJC_IMPLEMENTATIONS = YES;
				CLANG_WARN_DIRECT_OBJC_ISA_USAGE = YES_ERROR;
				CLANG_WARN_DOCUMENTATION_COMMENTS = YES;
				CLANG_WARN_EMPTY_BODY = YES;
				CLANG_WARN_ENUM_CONVERSION = YES;
				CLANG_WARN_INFINITE_RECURSION = YES;
				CLANG_WARN_INT_CONVERSION = YES;
				CLANG_WARN_NON_LITERAL_NULL_CONVERSION = YES;
				CLANG_WARN_OBJC_IMPLICIT_RETAIN_SELF = YES;
				CLANG_WARN_OBJC_LITERAL_CONVERSION = YES;
				CLANG_WARN_OBJC_ROOT_CLASS = YES_ERROR;
				CLANG_WARN_QUOTED_INCLUDE_IN_FRAMEWORK_HEADER = YES;
				CLANG_WARN_RANGE_LOOP_ANALYSIS = YES;
				CLANG_WARN_STRICT_PROTOTYPES = YES;
				CLANG_WARN_SUSPICIOUS_MOVE = YES;
				CLANG_WARN_UNGUARDED_AVAILABILITY = YES_AGGRESSIVE;
				CLANG_WARN_UNREACHABLE_CODE = YES;
				CLANG_WARN__DUPLICATE_METHOD_MATCH = YES;
				COPY_PHASE_STRIP = NO;
				DEBUG_INFORMATION_FORMAT = "dwarf-with-dsym";
				DEVELOPMENT_TEAM = U72P8JQMB8;
				ENABLE_NS_ASSERTIONS = NO;
				ENABLE_STRICT_OBJC_MSGSEND = YES;
				ENABLE_USER_SCRIPT_SANDBOXING = YES;
				GCC_C_LANGUAGE_STANDARD = gnu17;
				GCC_NO_COMMON_BLOCKS = YES;
				GCC_WARN_64_TO_32_BIT_CONVERSION = YES;
				GCC_WARN_ABOUT_RETURN_TYPE = YES_ERROR;
				GCC_WARN_UNDECLARED_SELECTOR = YES;
				GCC_WARN_UNINITIALIZED_AUTOS = YES_AGGRESSIVE;
				GCC_WARN_UNUSED_FUNCTION = YES;
				GCC_WARN_UNUSED_VARIABLE = YES;
				IPHONEOS_DEPLOYMENT_TARGET = 26.0;
				LOCALIZATION_PREFERS_STRING_CATALOGS = YES;
				MTL_ENABLE_DEBUG_INFO = NO;
				MTL_FAST_MATH = YES;
				SDKROOT = iphoneos;
				SWIFT_COMPILATION_MODE = wholemodule;
				VALIDATE_PRODUCT = YES;
			};
			name = Release;
		};
		7F48D2082EBF2E5900718D35 /* Debug */ = {
			isa = XCBuildConfiguration;
			buildSettings = {
				ASSETCATALOG_COMPILER_APPICON_NAME = AppIcon;
				ASSETCATALOG_COMPILER_GLOBAL_ACCENT_COLOR_NAME = AccentColor;
				CODE_SIGN_STYLE = Automatic;
				CURRENT_PROJECT_VERSION = 1;
				DEVELOPMENT_TEAM = U72P8JQMB8;
				ENABLE_PREVIEWS = YES;
				GENERATE_INFOPLIST_FILE = YES;
				INFOPLIST_KEY_UIApplicationSceneManifest_Generation = YES;
				INFOPLIST_KEY_UIApplicationSupportsIndirectInputEvents = YES;
				INFOPLIST_KEY_UILaunchScreen_Generation = YES;
				INFOPLIST_KEY_UISupportedInterfaceOrientations_iPad = "UIInterfaceOrientationPortrait UIInterfaceOrientationPortraitUpsideDown UIInterfaceOrientationLandscapeLeft UIInterfaceOrientationLandscapeRight";
				INFOPLIST_KEY_UISupportedInterfaceOrientations_iPhone = "UIInterfaceOrientationPortrait UIInterfaceOrientationLandscapeLeft UIInterfaceOrientationLandscapeRight";
				LD_RUNPATH_SEARCH_PATHS = (
					"$(inherited)",
					"@executable_path/Frameworks",
				);
				MARKETING_VERSION = 1.0;
				PRODUCT_BUNDLE_IDENTIFIER = pe.nexendev.InterbankClone;
				PRODUCT_NAME = "$(TARGET_NAME)";
				STRING_CATALOG_GENERATE_SYMBOLS = YES;
				SWIFT_APPROACHABLE_CONCURRENCY = YES;
				SWIFT_DEFAULT_ACTOR_ISOLATION = MainActor;
				SWIFT_EMIT_LOC_STRINGS = YES;
				SWIFT_UPCOMING_FEATURE_MEMBER_IMPORT_VISIBILITY = YES;
				SWIFT_VERSION = 5.0;
				TARGETED_DEVICE_FAMILY = "1,2";
			};
			name = Debug;
		};
		7F48D2092EBF2E5900718D35 /* Release */ = {
			isa = XCBuildConfiguration;
			buildSettings = {
				ASSETCATALOG_COMPILER_APPICON_NAME = AppIcon;
				ASSETCATALOG_COMPILER_GLOBAL_ACCENT_COLOR_NAME = AccentColor;
				CODE_SIGN_STYLE = Automatic;
				CURRENT_PROJECT_VERSION = 1;
				DEVELOPMENT_TEAM = U72P8JQMB8;
				ENABLE_PREVIEWS = YES;
				GENERATE_INFOPLIST_FILE = YES;
				INFOPLIST_KEY_UIApplicationSceneManifest_Generation = YES;
				INFOPLIST_KEY_UIApplicationSupportsIndirectInputEvents = YES;
				INFOPLIST_KEY_UILaunchScreen_Generation = YES;
				INFOPLIST_KEY_UISupportedInterfaceOrientations_iPad = "UIInterfaceOrientationPortrait UIInterfaceOrientationPortraitUpsideDown UIInterfaceOrientationLandscapeLeft UIInterfaceOrientationLandscapeRight";
				INFOPLIST_KEY_UISupportedInterfaceOrientations_iPhone = "UIInterfaceOrientationPortrait UIInterfaceOrientationLandscapeLeft UIInterfaceOrientationLandscapeRight";
				LD_RUNPATH_SEARCH_PATHS = (
					"$(inherited)",
					"@executable_path/Frameworks",
				);
				MARKETING_VERSION = 1.0;
				PRODUCT_BUNDLE_IDENTIFIER = pe.nexendev.InterbankClone;
				PRODUCT_NAME = "$(TARGET_NAME)";
				STRING_CATALOG_GENERATE_SYMBOLS = YES;
				SWIFT_APPROACHABLE_CONCURRENCY = YES;
				SWIFT_DEFAULT_ACTOR_ISOLATION = MainActor;
				SWIFT_EMIT_LOC_STRINGS = YES;
				SWIFT_UPCOMING_FEATURE_MEMBER_IMPORT_VISIBILITY = YES;
				SWIFT_VERSION = 5.0;
				TARGETED_DEVICE_FAMILY = "1,2";
			};
			name = Release;
		};
		7F48D20B2EBF2E5900718D35 /* Debug */ = {
			isa = XCBuildConfiguration;
			buildSettings = {
				BUNDLE_LOADER = "$(TEST_HOST)";
				CODE_SIGN_STYLE = Automatic;
				CURRENT_PROJECT_VERSION = 1;
				DEVELOPMENT_TEAM = U72P8JQMB8;
				GENERATE_INFOPLIST_FILE = YES;
				IPHONEOS_DEPLOYMENT_TARGET = 26.0;
				MARKETING_VERSION = 1.0;
				PRODUCT_BUNDLE_IDENTIFIER = pe.nexendev.InterbankCloneTests;
				PRODUCT_NAME = "$(TARGET_NAME)";
				STRING_CATALOG_GENERATE_SYMBOLS = NO;
				SWIFT_APPROACHABLE_CONCURRENCY = YES;
				SWIFT_EMIT_LOC_STRINGS = NO;
				SWIFT_UPCOMING_FEATURE_MEMBER_IMPORT_VISIBILITY = YES;
				SWIFT_VERSION = 5.0;
				TARGETED_DEVICE_FAMILY = "1,2";
				TEST_HOST = "$(BUILT_PRODUCTS_DIR)/InterbankClone.app/$(BUNDLE_EXECUTABLE_FOLDER_PATH)/InterbankClone";
			};
			name = Debug;
		};
		7F48D20C2EBF2E5900718D35 /* Release */ = {
			isa = XCBuildConfiguration;
			buildSettings = {
				BUNDLE_LOADER = "$(TEST_HOST)";
				CODE_SIGN_STYLE = Automatic;
				CURRENT_PROJECT_VERSION = 1;
				DEVELOPMENT_TEAM = U72P8JQMB8;
				GENERATE_INFOPLIST_FILE = YES;
				IPHONEOS_DEPLOYMENT_TARGET = 26.0;
				MARKETING_VERSION = 1.0;
				PRODUCT_BUNDLE_IDENTIFIER = pe.nexendev.InterbankCloneTests;
				PRODUCT_NAME = "$(TARGET_NAME)";
				STRING_CATALOG_GENERATE_SYMBOLS = NO;
				SWIFT_APPROACHABLE_CONCURRENCY = YES;
				SWIFT_EMIT_LOC_STRINGS = NO;
				SWIFT_UPCOMING_FEATURE_MEMBER_IMPORT_VISIBILITY = YES;
				SWIFT_VERSION = 5.0;
				TARGETED_DEVICE_FAMILY = "1,2";
				TEST_HOST = "$(BUILT_PRODUCTS_DIR)/InterbankClone.app/$(BUNDLE_EXECUTABLE_FOLDER_PATH)/InterbankClone";
			};
			name = Release;
		};
		7F48D20E2EBF2E5900718D35 /* Debug */ = {
			isa = XCBuildConfiguration;
			buildSettings = {
				CODE_SIGN_STYLE = Automatic;
				CURRENT_PROJECT_VERSION = 1;
				DEVELOPMENT_TEAM = U72P8JQMB8;
				GENERATE_INFOPLIST_FILE = YES;
				MARKETING_VERSION = 1.0;
				PRODUCT_BUNDLE_IDENTIFIER = pe.nexendev.InterbankCloneUITests;
				PRODUCT_NAME = "$(TARGET_NAME)";
				STRING_CATALOG_GENERATE_SYMBOLS = NO;
				SWIFT_APPROACHABLE_CONCURRENCY = YES;
				SWIFT_EMIT_LOC_STRINGS = NO;
				SWIFT_UPCOMING_FEATURE_MEMBER_IMPORT_VISIBILITY = YES;
				SWIFT_VERSION = 5.0;
				TARGETED_DEVICE_FAMILY = "1,2";
				TEST_TARGET_NAME = InterbankClone;
			};
			name = Debug;
		};
		7F48D20F2EBF2E5900718D35 /* Release */ = {
			isa = XCBuildConfiguration;
			buildSettings = {
				CODE_SIGN_STYLE = Automatic;
				CURRENT_PROJECT_VERSION = 1;
				DEVELOPMENT_TEAM = U72P8JQMB8;
				GENERATE_INFOPLIST_FILE = YES;
				MARKETING_VERSION = 1.0;
				PRODUCT_BUNDLE_IDENTIFIER = pe.nexendev.InterbankCloneUITests;
				PRODUCT_NAME = "$(TARGET_NAME)";
				STRING_CATALOG_GENERATE_SYMBOLS = NO;
				SWIFT_APPROACHABLE_CONCURRENCY = YES;
				SWIFT_EMIT_LOC_STRINGS = NO;
				SWIFT_UPCOMING_FEATURE_MEMBER_IMPORT_VISIBILITY = YES;
				SWIFT_VERSION = 5.0;
				TARGETED_DEVICE_FAMILY = "1,2";
				TEST_TARGET_NAME = InterbankClone;
			};
			name = Release;
		};
/* End XCBuildConfiguration section */

/* Begin XCConfigurationList section */
		7F48D1DF2EBF2E5700718D35 /* Build configuration list for PBXProject "InterbankClone" */ = {
			isa = XCConfigurationList;
			buildConfigurations = (
				7F48D2052EBF2E5900718D35 /* Debug */,
				7F48D2062EBF2E5900718D35 /* Release */,
			);
			defaultConfigurationIsVisible = 0;
			defaultConfigurationName = Release;
		};
		7F48D2072EBF2E5900718D35 /* Build configuration list for PBXNativeTarget "InterbankClone" */ = {
			isa = XCConfigurationList;
			buildConfigurations = (
				7F48D2082EBF2E5900718D35 /* Debug */,
				7F48D2092EBF2E5900718D35 /* Release */,
			);
			defaultConfigurationIsVisible = 0;
			defaultConfigurationName = Release;
		};
		7F48D20A2EBF2E5900718D35 /* Build configuration list for PBXNativeTarget "InterbankCloneTests" */ = {
			isa = XCConfigurationList;
			buildConfigurations = (
				7F48D20B2EBF2E5900718D35 /* Debug */,
				7F48D20C2EBF2E5900718D35 /* Release */,
			);
			defaultConfigurationIsVisible = 0;
			defaultConfigurationName = Release;
		};
		7F48D20D2EBF2E5900718D35 /* Build configuration list for PBXNativeTarget "InterbankCloneUITests" */ = {
			isa = XCConfigurationList;
			buildConfigurations = (
				7F48D20E2EBF2E5900718D35 /* Debug */,
				7F48D20F2EBF2E5900718D35 /* Release */,
			);
			defaultConfigurationIsVisible = 0;
			defaultConfigurationName = Release;
		};
/* End XCConfigurationList section */
	};
	rootObject = 7F48D1DC2EBF2E5700718D35 /* Project object */;
}
